
Microsoft Visual Studio Solution File, Format Version 12.00
# Visual Studio Version 16
VisualStudioVersion = 16.0.30413.136
MinimumVisualStudioVersion = 10.0.40219.1
Project("{FAE04EC0-301F-11D3-BF4B-00C04F79EFBC}") = "shortcutManager", "shortcutManager\shortcutManager.csproj", "{2232F89D-AF3D-4192-8038-F388A87EB852}"
EndProject
Global
	GlobalSection(SolutionConfigurationPlatforms) = preSolution
		Debug|Any CPU = Debug|Any CPU
		Release|Any CPU = Release|Any CPU
	EndGlobalSection
	GlobalSection(ProjectConfigurationPlatforms) = postSolution
		{2232F89D-AF3D-4192-8038-F388A87EB852}.Debug|Any CPU.ActiveCfg = Debug|Any CPU
		{2232F89D-AF3D-4192-8038-F388A87EB852}.Debug|Any CPU.Build.0 = Debug|Any CPU
		{2232F89D-AF3D-4192-8038-F388A87EB852}.Release|Any CPU.ActiveCfg = Release|Any CPU
		{2232F89D-AF3D-4192-8038-F388A87EB852}.Release|Any CPU.Build.0 = Release|Any CPU
	EndGlobalSection
	GlobalSection(SolutionProperties) = preSolution
		HideSolutionNode = FALSE
	EndGlobalSection
	GlobalSection(ExtensibilityGlobals) = postSolution
		SolutionGuid = {C0463DFB-0BB4-434E-BF1A-6ECD07EE297D}
	EndGlobalSection
EndGlobal
